// !$*UTF8*$!
{
	archiveVersion = 1;
	classes = {
	};
	objectVersion = 55;
	objects = {

/* Begin PBXBuildFile section */
		4158F33A288DAA1D009E171B /* UserNewsView.swift in Sources */ = {isa = PBXBuildFile; fileRef = 4158F339288DAA1D009E171B /* UserNewsView.swift */; };
		4158F33E288DABC4009E171B /* UserDetailView.swift in Sources */ = {isa = PBXBuildFile; fileRef = 4158F33D288DABC4009E171B /* UserDetailView.swift */; };
		415EA3D8288EF20000DBC804 /* HNItems.swift in Sources */ = {isa = PBXBuildFile; fileRef = 415EA3D7288EF20000DBC804 /* HNItems.swift */; };
		415EA3DC288EFB2C00DBC804 /* Date+Extension.swift in Sources */ = {isa = PBXBuildFile; fileRef = 415EA3DB288EFB2C00DBC804 /* Date+Extension.swift */; };
		41A52749288D505700B90645 /* NewsItemView.swift in Sources */ = {isa = PBXBuildFile; fileRef = 41A52748288D505700B90645 /* NewsItemView.swift */; };
		41E4933F288D3EB100F072CE /* Hacker_NewsApp.swift in Sources */ = {isa = PBXBuildFile; fileRef = 41E4933E288D3EB100F072CE /* Hacker_NewsApp.swift */; };
		41E49341288D3EB100F072CE /* ContentView.swift in Sources */ = {isa = PBXBuildFile; fileRef = 41E49340288D3EB100F072CE /* ContentView.swift */; };
		41E49343288D3EB300F072CE /* Assets.xcassets in Resources */ = {isa = PBXBuildFile; fileRef = 41E49342288D3EB300F072CE /* Assets.xcassets */; };
		41E49346288D3EB300F072CE /* Preview Assets.xcassets in Resources */ = {isa = PBXBuildFile; fileRef = 41E49345288D3EB300F072CE /* Preview Assets.xcassets */; };
		41E4934E288D3FB900F072CE /* NetworkManager.swift in Sources */ = {isa = PBXBuildFile; fileRef = 41E4934C288D3FB900F072CE /* NetworkManager.swift */; };
		41E4934F288D3FB900F072CE /* NetworkRoute.swift in Sources */ = {isa = PBXBuildFile; fileRef = 41E4934D288D3FB900F072CE /* NetworkRoute.swift */; };
		41E49351288D41ED00F072CE /* NewsViewModel.swift in Sources */ = {isa = PBXBuildFile; fileRef = 41E49350288D41ED00F072CE /* NewsViewModel.swift */; };
/* End PBXBuildFile section */

/* Begin PBXFileReference section */
		4158F339288DAA1D009E171B /* UserNewsView.swift */ = {isa = PBXFileReference; lastKnownFileType = sourcecode.swift; path = UserNewsView.swift; sourceTree = "<group>"; };
		4158F33D288DABC4009E171B /* UserDetailView.swift */ = {isa = PBXFileReference; lastKnownFileType = sourcecode.swift; path = UserDetailView.swift; sourceTree = "<group>"; };
		415EA3D7288EF20000DBC804 /* HNItems.swift */ = {isa = PBXFileReference; lastKnownFileType = sourcecode.swift; path = HNItems.swift; sourceTree = "<group>"; };
		415EA3DB288EFB2C00DBC804 /* Date+Extension.swift */ = {isa = PBXFileReference; lastKnownFileType = sourcecode.swift; path = "Date+Extension.swift"; sourceTree = "<group>"; };
		41A52748288D505700B90645 /* NewsItemView.swift */ = {isa = PBXFileReference; lastKnownFileType = sourcecode.swift; path = NewsItemView.swift; sourceTree = "<group>"; };
		41E4933B288D3EB100F072CE /* Hacker News.app */ = {isa = PBXFileReference; explicitFileType = wrapper.application; includeInIndex = 0; path = "Hacker News.app"; sourceTree = BUILT_PRODUCTS_DIR; };
		41E4933E288D3EB100F072CE /* Hacker_NewsApp.swift */ = {isa = PBXFileReference; lastKnownFileType = sourcecode.swift; path = Hacker_NewsApp.swift; sourceTree = "<group>"; };
		41E49340288D3EB100F072CE /* ContentView.swift */ = {isa = PBXFileReference; lastKnownFileType = sourcecode.swift; path = ContentView.swift; sourceTree = "<group>"; };
		41E49342288D3EB300F072CE /* Assets.xcassets */ = {isa = PBXFileReference; lastKnownFileType = folder.assetcatalog; path = Assets.xcassets; sourceTree = "<group>"; };
		41E49345288D3EB300F072CE /* Preview Assets.xcassets */ = {isa = PBXFileReference; lastKnownFileType = folder.assetcatalog; path = "Preview Assets.xcassets"; sourceTree = "<group>"; };
		41E4934C288D3FB900F072CE /* NetworkManager.swift */ = {isa = PBXFileReference; fileEncoding = 4; lastKnownFileType = sourcecode.swift; path = NetworkManager.swift; sourceTree = "<group>"; };
		41E4934D288D3FB900F072CE /* NetworkRoute.swift */ = {isa = PBXFileReference; fileEncoding = 4; lastKnownFileType = sourcecode.swift; path = NetworkRoute.swift; sourceTree = "<group>"; };
		41E49350288D41ED00F072CE /* NewsViewModel.swift */ = {isa = PBXFileReference; lastKnownFileType = sourcecode.swift; path = NewsViewModel.swift; sourceTree = "<group>"; };
/* End PBXFileReference section */

/* Begin PBXFrameworksBuildPhase section */
		41E49338288D3EB100F072CE /* Frameworks */ = {
			isa = PBXFrameworksBuildPhase;
			buildActionMask = 2147483647;
			files = (
			);
			runOnlyForDeploymentPostprocessing = 0;
		};
/* End PBXFrameworksBuildPhase section */

/* Begin PBXGroup section */
		415EA3D9288EFB0500DBC804 /* NetworkLayer */ = {
			isa = PBXGroup;
			children = (
				41E4934C288D3FB900F072CE /* NetworkManager.swift */,
				41E4934D288D3FB900F072CE /* NetworkRoute.swift */,
			);
			path = NetworkLayer;
			sourceTree = "<group>";
		};
		415EA3DA288EFB0E00DBC804 /* Extension */ = {
			isa = PBXGroup;
			children = (
				415EA3DB288EFB2C00DBC804 /* Date+Extension.swift */,
			);
			path = Extension;
			sourceTree = "<group>";
		};
		41E49332288D3EB100F072CE = {
			isa = PBXGroup;
			children = (
				41E4933D288D3EB100F072CE /* Hacker News */,
				41E4933C288D3EB100F072CE /* Products */,
			);
			sourceTree = "<group>";
		};
		41E4933C288D3EB100F072CE /* Products */ = {
			isa = PBXGroup;
			children = (
				41E4933B288D3EB100F072CE /* Hacker News.app */,
			);
			name = Products;
			sourceTree = "<group>";
		};
		41E4933D288D3EB100F072CE /* Hacker News */ = {
			isa = PBXGroup;
			children = (
				415EA3DA288EFB0E00DBC804 /* Extension */,
				415EA3D9288EFB0500DBC804 /* NetworkLayer */,
				41E49352288D443400F072CE /* Model */,
				41E4933E288D3EB100F072CE /* Hacker_NewsApp.swift */,
				41E49340288D3EB100F072CE /* ContentView.swift */,
				41A52748288D505700B90645 /* NewsItemView.swift */,
				4158F33D288DABC4009E171B /* UserDetailView.swift */,
				4158F339288DAA1D009E171B /* UserNewsView.swift */,
				41E49350288D41ED00F072CE /* NewsViewModel.swift */,
				41E49342288D3EB300F072CE /* Assets.xcassets */,
				41E49344288D3EB300F072CE /* Preview Content */,
			);
			path = "Hacker News";
			sourceTree = "<group>";
		};
		41E49344288D3EB300F072CE /* Preview Content */ = {
			isa = PBXGroup;
			children = (
				41E49345288D3EB300F072CE /* Preview Assets.xcassets */,
			);
			path = "Preview Content";
			sourceTree = "<group>";
		};
		41E49352288D443400F072CE /* Model */ = {
			isa = PBXGroup;
			children = (
				415EA3D7288EF20000DBC804 /* HNItems.swift */,
			);
			path = Model;
			sourceTree = "<group>";
		};
/* End PBXGroup section */

/* Begin PBXNativeTarget section */
		41E4933A288D3EB100F072CE /* Hacker News */ = {
			isa = PBXNativeTarget;
			buildConfigurationList = 41E49349288D3EB300F072CE /* Build configuration list for PBXNativeTarget "Hacker News" */;
			buildPhases = (
				41E49337288D3EB100F072CE /* Sources */,
				41E49338288D3EB100F072CE /* Frameworks */,
				41E49339288D3EB100F072CE /* Resources */,
			);
			buildRules = (
			);
			dependencies = (
			);
			name = "Hacker News";
			productName = "Hacker News";
			productReference = 41E4933B288D3EB100F072CE /* Hacker News.app */;
			productType = "com.apple.product-type.application";
		};
/* End PBXNativeTarget section */

/* Begin PBXProject section */
		41E49333288D3EB100F072CE /* Project object */ = {
			isa = PBXProject;
			attributes = {
				BuildIndependentTargetsInParallel = 1;
				LastSwiftUpdateCheck = 1340;
				LastUpgradeCheck = 1340;
				TargetAttributes = {
					41E4933A288D3EB100F072CE = {
						CreatedOnToolsVersion = 13.4.1;
					};
				};
			};
			buildConfigurationList = 41E49336288D3EB100F072CE /* Build configuration list for PBXProject "Hacker News" */;
			compatibilityVersion = "Xcode 13.0";
			developmentRegion = en;
			hasScannedForEncodings = 0;
			knownRegions = (
				en,
				Base,
			);
			mainGroup = 41E49332288D3EB100F072CE;
			productRefGroup = 41E4933C288D3EB100F072CE /* Products */;
			projectDirPath = "";
			projectRoot = "";
			targets = (
				41E4933A288D3EB100F072CE /* Hacker News */,
			);
		};
/* End PBXProject section */

/* Begin PBXResourcesBuildPhase section */
		41E49339288D3EB100F072CE /* Resources */ = {
			isa = PBXResourcesBuildPhase;
			buildActionMask = 2147483647;
			files = (
				41E49346288D3EB300F072CE /* Preview Assets.xcassets in Resources */,
				41E49343288D3EB300F072CE /* Assets.xcassets in Resources */,
			);
			runOnlyForDeploymentPostprocessing = 0;
		};
/* End PBXResourcesBuildPhase section */

/* Begin PBXSourcesBuildPhase section */
		41E49337288D3EB100F072CE /* Sources */ = {
			isa = PBXSourcesBuildPhase;
			buildActionMask = 2147483647;
			files = (
				41E4934E288D3FB900F072CE /* NetworkManager.swift in Sources */,
				415EA3D8288EF20000DBC804 /* HNItems.swift in Sources */,
				41E49341288D3EB100F072CE /* ContentView.swift in Sources */,
				41E49351288D41ED00F072CE /* NewsViewModel.swift in Sources */,
				4158F33A288DAA1D009E171B /* UserNewsView.swift in Sources */,
				415EA3DC288EFB2C00DBC804 /* Date+Extension.swift in Sources */,
				41E4934F288D3FB900F072CE /* NetworkRoute.swift in Sources */,
				41E4933F288D3EB100F072CE /* Hacker_NewsApp.swift in Sources */,
				4158F33E288DABC4009E171B /* UserDetailView.swift in Sources */,
				41A52749288D505700B90645 /* NewsItemView.swift in Sources */,
			);
			runOnlyForDeploymentPostprocessing = 0;
		};
/* End PBXSourcesBuildPhase section */

/* Begin XCBuildConfiguration section */
		41E49347288D3EB300F072CE /* Debug */ = {
			isa = XCBuildConfiguration;
			buildSettings = {
				ALWAYS_SEARCH_USER_PATHS = NO;
				CLANG_ANALYZER_NONNULL = YES;
				CLANG_ANALYZER_NUMBER_OBJECT_CONVERSION = YES_AGGRESSIVE;
				CLANG_CXX_LANGUAGE_STANDARD = "gnu++17";
				CLANG_ENABLE_MODULES = YES;
				CLANG_ENABLE_OBJC_ARC = YES;
				CLANG_ENABLE_OBJC_WEAK = YES;
				CLANG_WARN_BLOCK_CAPTURE_AUTORELEASING = YES;
				CLANG_WARN_BOOL_CONVERSION = YES;
				CLANG_WARN_COMMA = YES;
				CLANG_WARN_CONSTANT_CONVERSION = YES;
				CLANG_WARN_DEPRECATED_OBJC_IMPLEMENTATIONS = YES;
				CLANG_WARN_DIRECT_OBJC_ISA_USAGE = YES_ERROR;
				CLANG_WARN_DOCUMENTATION_COMMENTS = YES;
				CLANG_WARN_EMPTY_BODY = YES;
				CLANG_WARN_ENUM_CONVERSION = YES;
				CLANG_WARN_INFINITE_RECURSION = YES;
				CLANG_WARN_INT_CONVERSION = YES;
				CLANG_WARN_NON_LITERAL_NULL_CONVERSION = YES;
				CLANG_WARN_OBJC_IMPLICIT_RETAIN_SELF = YES;
				CLANG_WARN_OBJC_LITERAL_CONVERSION = YES;
				CLANG_WARN_OBJC_ROOT_CLASS = YES_ERROR;
				CLANG_WARN_QUOTED_INCLUDE_IN_FRAMEWORK_HEADER = YES;
				CLANG_WARN_RANGE_LOOP_ANALYSIS = YES;
				CLANG_WARN_STRICT_PROTOTYPES = YES;
				CLANG_WARN_SUSPICIOUS_MOVE = YES;
				CLANG_WARN_UNGUARDED_AVAILABILITY = YES_AGGRESSIVE;
				CLANG_WARN_UNREACHABLE_CODE = YES;
				CLANG_WARN__DUPLICATE_METHOD_MATCH = YES;
				COPY_PHASE_STRIP = NO;
				DEBUG_INFORMATION_FORMAT = dwarf;
				ENABLE_STRICT_OBJC_MSGSEND = YES;
				ENABLE_TESTABILITY = YES;
				GCC_C_LANGUAGE_STANDARD = gnu11;
				GCC_DYNAMIC_NO_PIC = NO;
				GCC_NO_COMMON_BLOCKS = YES;
				GCC_OPTIMIZATION_LEVEL = 0;
				GCC_PREPROCESSOR_DEFINITIONS = (
					"DEBUG=1",
					"$(inherited)",
				);
				GCC_WARN_64_TO_32_BIT_CONVERSION = YES;
				GCC_WARN_ABOUT_RETURN_TYPE = YES_ERROR;
				GCC_WARN_UNDECLARED_SELECTOR = YES;
				GCC_WARN_UNINITIALIZED_AUTOS = YES_AGGRESSIVE;
				GCC_WARN_UNUSED_FUNCTION = YES;
				GCC_WARN_UNUSED_VARIABLE = YES;
				IPHONEOS_DEPLOYMENT_TARGET = 15.5;
				MTL_ENABLE_DEBUG_INFO = INCLUDE_SOURCE;
				MTL_FAST_MATH = YES;
				ONLY_ACTIVE_ARCH = YES;
				SDKROOT = iphoneos;
				SWIFT_ACTIVE_COMPILATION_CONDITIONS = DEBUG;
				SWIFT_OPTIMIZATION_LEVEL = "-Onone";
			};
			name = Debug;
		};
		41E49348288D3EB300F072CE /* Release */ = {
			isa = XCBuildConfiguration;
			buildSettings = {
				ALWAYS_SEARCH_USER_PATHS = NO;
				CLANG_ANALYZER_NONNULL = YES;
				CLANG_ANALYZER_NUMBER_OBJECT_CONVERSION = YES_AGGRESSIVE;
				CLANG_CXX_LANGUAGE_STANDARD = "gnu++17";
				CLANG_ENABLE_MODULES = YES;
				CLANG_ENABLE_OBJC_ARC = YES;
				CLANG_ENABLE_OBJC_WEAK = YES;
				CLANG_WARN_BLOCK_CAPTURE_AUTORELEASING = YES;
				CLANG_WARN_BOOL_CONVERSION = YES;
				CLANG_WARN_COMMA = YES;
				CLANG_WARN_CONSTANT_CONVERSION = YES;
				CLANG_WARN_DEPRECATED_OBJC_IMPLEMENTATIONS = YES;
				CLANG_WARN_DIRECT_OBJC_ISA_USAGE = YES_ERROR;
				CLANG_WARN_DOCUMENTATION_COMMENTS = YES;
				CLANG_WARN_EMPTY_BODY = YES;
				CLANG_WARN_ENUM_CONVERSION = YES;
				CLANG_WARN_INFINITE_RECURSION = YES;
				CLANG_WARN_INT_CONVERSION = YES;
				CLANG_WARN_NON_LITERAL_NULL_CONVERSION = YES;
				CLANG_WARN_OBJC_IMPLICIT_RETAIN_SELF = YES;
				CLANG_WARN_OBJC_LITERAL_CONVERSION = YES;
				CLANG_WARN_OBJC_ROOT_CLASS = YES_ERROR;
				CLANG_WARN_QUOTED_INCLUDE_IN_FRAMEWORK_HEADER = YES;
				CLANG_WARN_RANGE_LOOP_ANALYSIS = YES;
				CLANG_WARN_STRICT_PROTOTYPES = YES;
				CLANG_WARN_SUSPICIOUS_MOVE = YES;
				CLANG_WARN_UNGUARDED_AVAILABILITY = YES_AGGRESSIVE;
				CLANG_WARN_UNREACHABLE_CODE = YES;
				CLANG_WARN__DUPLICATE_METHOD_MATCH = YES;
				COPY_PHASE_STRIP = NO;
				DEBUG_INFORMATION_FORMAT = "dwarf-with-dsym";
				ENABLE_NS_ASSERTIONS = NO;
				ENABLE_STRICT_OBJC_MSGSEND = YES;
				GCC_C_LANGUAGE_STANDARD = gnu11;
				GCC_NO_COMMON_BLOCKS = YES;
				GCC_WARN_64_TO_32_BIT_CONVERSION = YES;
				GCC_WARN_ABOUT_RETURN_TYPE = YES_ERROR;
				GCC_WARN_UNDECLARED_SELECTOR = YES;
				GCC_WARN_UNINITIALIZED_AUTOS = YES_AGGRESSIVE;
				GCC_WARN_UNUSED_FUNCTION = YES;
				GCC_WARN_UNUSED_VARIABLE = YES;
				IPHONEOS_DEPLOYMENT_TARGET = 15.5;
				MTL_ENABLE_DEBUG_INFO = NO;
				MTL_FAST_MATH = YES;
				SDKROOT = iphoneos;
				SWIFT_COMPILATION_MODE = wholemodule;
				SWIFT_OPTIMIZATION_LEVEL = "-O";
				VALIDATE_PRODUCT = YES;
			};
			name = Release;
		};
		41E4934A288D3EB300F072CE /* Debug */ = {
			isa = XCBuildConfiguration;
			buildSettings = {
				ASSETCATALOG_COMPILER_APPICON_NAME = AppIcon;
				ASSETCATALOG_COMPILER_GLOBAL_ACCENT_COLOR_NAME = AccentColor;
				CODE_SIGN_STYLE = Automatic;
				CURRENT_PROJECT_VERSION = 1;
				DEVELOPMENT_ASSET_PATHS = "\"Hacker News/Preview Content\"";
				ENABLE_PREVIEWS = YES;
				GENERATE_INFOPLIST_FILE = YES;
				INFOPLIST_KEY_UIApplicationSceneManifest_Generation = YES;
				INFOPLIST_KEY_UIApplicationSupportsIndirectInputEvents = YES;
				INFOPLIST_KEY_UILaunchScreen_Generation = YES;
				INFOPLIST_KEY_UISupportedInterfaceOrientations_iPad = "UIInterfaceOrientationPortrait UIInterfaceOrientationPortraitUpsideDown UIInterfaceOrientationLandscapeLeft UIInterfaceOrientationLandscapeRight";
				INFOPLIST_KEY_UISupportedInterfaceOrientations_iPhone = "UIInterfaceOrientationPortrait UIInterfaceOrientationLandscapeLeft UIInterfaceOrientationLandscapeRight";
				LD_RUNPATH_SEARCH_PATHS = (
					"$(inherited)",
					"@executable_path/Frameworks",
				);
				MARKETING_VERSION = 1.0;
				PRODUCT_BUNDLE_IDENTIFIER = "com.rv.Hacker-News";
				PRODUCT_NAME = "$(TARGET_NAME)";
				SWIFT_EMIT_LOC_STRINGS = YES;
				SWIFT_VERSION = 5.0;
				TARGETED_DEVICE_FAMILY = "1,2";
			};
			name = Debug;
		};
		41E4934B288D3EB300F072CE /* Release */ = {
			isa = XCBuildConfiguration;
			buildSettings = {
				ASSETCATALOG_COMPILER_APPICON_NAME = AppIcon;
				ASSETCATALOG_COMPILER_GLOBAL_ACCENT_COLOR_NAME = AccentColor;
				CODE_SIGN_STYLE = Automatic;
				CURRENT_PROJECT_VERSION = 1;
				DEVELOPMENT_ASSET_PATHS = "\"Hacker News/Preview Content\"";
				ENABLE_PREVIEWS = YES;
				GENERATE_INFOPLIST_FILE = YES;
				INFOPLIST_KEY_UIApplicationSceneManifest_Generation = YES;
				INFOPLIST_KEY_UIApplicationSupportsIndirectInputEvents = YES;
				INFOPLIST_KEY_UILaunchScreen_Generation = YES;
				INFOPLIST_KEY_UISupportedInterfaceOrientations_iPad = "UIInterfaceOrientationPortrait UIInterfaceOrientationPortraitUpsideDown UIInterfaceOrientationLandscapeLeft UIInterfaceOrientationLandscapeRight";
				INFOPLIST_KEY_UISupportedInterfaceOrientations_iPhone = "UIInterfaceOrientationPortrait UIInterfaceOrientationLandscapeLeft UIInterfaceOrientationLandscapeRight";
				LD_RUNPATH_SEARCH_PATHS = (
					"$(inherited)",
					"@executable_path/Frameworks",
				);
				MARKETING_VERSION = 1.0;
				PRODUCT_BUNDLE_IDENTIFIER = "com.rv.Hacker-News";
				PRODUCT_NAME = "$(TARGET_NAME)";
				SWIFT_EMIT_LOC_STRINGS = YES;
				SWIFT_VERSION = 5.0;
				TARGETED_DEVICE_FAMILY = "1,2";
			};
			name = Release;
		};
/* End XCBuildConfiguration section */

/* Begin XCConfigurationList section */
		41E49336288D3EB100F072CE /* Build configuration list for PBXProject "Hacker News" */ = {
			isa = XCConfigurationList;
			buildConfigurations = (
				41E49347288D3EB300F072CE /* Debug */,
				41E49348288D3EB300F072CE /* Release */,
			);
			defaultConfigurationIsVisible = 0;
			defaultConfigurationName = Release;
		};
		41E49349288D3EB300F072CE /* Build configuration list for PBXNativeTarget "Hacker News" */ = {
			isa = XCConfigurationList;
			buildConfigurations = (
				41E4934A288D3EB300F072CE /* Debug */,
				41E4934B288D3EB300F072CE /* Release */,
			);
			defaultConfigurationIsVisible = 0;
			defaultConfigurationName = Release;
		};
/* End XCConfigurationList section */
	};
	rootObject = 41E49333288D3EB100F072CE /* Project object */;
}
